
Microsoft Visual Studio Solution File, Format Version 11.00
# Visual Studio 2010
Project("{FAE04EC0-301F-11D3-BF4B-00C04F79EFBC}") = "NetForMap", "NetForMap\NetForMap.csproj", "{48DE45D5-8612-453E-9498-71B9D3236EC8}"
EndProject
Global
	GlobalSection(SolutionConfigurationPlatforms) = preSolution
		Debug|x86 = Debug|x86
		Release|x86 = Release|x86
	EndGlobalSection
	GlobalSection(ProjectConfigurationPlatforms) = postSolution
		{48DE45D5-8612-453E-9498-71B9D3236EC8}.Debug|x86.ActiveCfg = Debug|x86
		{48DE45D5-8612-453E-9498-71B9D3236EC8}.Debug|x86.Build.0 = Debug|x86
		{48DE45D5-8612-453E-9498-71B9D3236EC8}.Release|x86.ActiveCfg = Release|x86
		{48DE45D5-8612-453E-9498-71B9D3236EC8}.Release|x86.Build.0 = Release|x86
	EndGlobalSection
	GlobalSection(SolutionProperties) = preSolution
		HideSolutionNode = FALSE
	EndGlobalSection
EndGlobal
